<Solution>
  <Project Path="Game.Deck.csproj" />
  <Project Path="Game.Lib.csproj" />
  <Project Path="Game.Player.csproj" />
  <Project Path="Assembly-CSharp-firstpass.csproj" />
  <Project Path="Game.Cards.csproj" />
  <Project Path="Game.Effects.csproj" />
  <Project Path="GameSystem.csproj" />
</Solution>
